
Microsoft Visual Studio Solution File, Format Version 12.00
# Visual Studio 15
VisualStudioVersion = 15.0.28010.2016
MinimumVisualStudioVersion = 10.0.40219.1
Project("{FAE04EC0-301F-11D3-BF4B-00C04F79EFBC}") = "StudentWebAPI", "StudentWebAPI\StudentWebAPI.csproj", "{020A7DDF-0842-4E52-938A-7A6720D57B6C}"
EndProject
Global
	GlobalSection(SolutionConfigurationPlatforms) = preSolution
		Debug|Any CPU = Debug|Any CPU
		Release|Any CPU = Release|Any CPU
	EndGlobalSection
	GlobalSection(ProjectConfigurationPlatforms) = postSolution
		{020A7DDF-0842-4E52-938A-7A6720D57B6C}.Debug|Any CPU.ActiveCfg = Debug|Any CPU
		{020A7DDF-0842-4E52-938A-7A6720D57B6C}.Debug|Any CPU.Build.0 = Debug|Any CPU
		{020A7DDF-0842-4E52-938A-7A6720D57B6C}.Release|Any CPU.ActiveCfg = Release|Any CPU
		{020A7DDF-0842-4E52-938A-7A6720D57B6C}.Release|Any CPU.Build.0 = Release|Any CPU
	EndGlobalSection
	GlobalSection(SolutionProperties) = preSolution
		HideSolutionNode = FALSE
	EndGlobalSection
	GlobalSection(ExtensibilityGlobals) = postSolution
		SolutionGuid = {CA511E1E-D102-47C4-B69A-7F92853509BB}
	EndGlobalSection
EndGlobal
